
Microsoft Visual Studio Solution File, Format Version 12.00
# Visual Studio Version 17
VisualStudioVersion = 17.10.34928.147
MinimumVisualStudioVersion = 10.0.40219.1
Project("{FAE04EC0-301F-11D3-BF4B-00C04F79EFBC}") = "ActionTest01", "ActionTest01\ActionTest01.csproj", "{EBF6801D-162E-4682-88F7-F5483B1FDE50}"
EndProject
Project("{FAE04EC0-301F-11D3-BF4B-00C04F79EFBC}") = "ActionTest01.Test", "ActionTest01.Test\ActionTest01.Test.csproj", "{1FD3166A-3BA2-4D3C-84FC-71FADABE9A7F}"
EndProject
Global
	GlobalSection(SolutionConfigurationPlatforms) = preSolution
		Debug|Any CPU = Debug|Any CPU
		Release|Any CPU = Release|Any CPU
	EndGlobalSection
	GlobalSection(ProjectConfigurationPlatforms) = postSolution
		{EBF6801D-162E-4682-88F7-F5483B1FDE50}.Debug|Any CPU.ActiveCfg = Debug|Any CPU
		{EBF6801D-162E-4682-88F7-F5483B1FDE50}.Debug|Any CPU.Build.0 = Debug|Any CPU
		{EBF6801D-162E-4682-88F7-F5483B1FDE50}.Release|Any CPU.ActiveCfg = Release|Any CPU
		{EBF6801D-162E-4682-88F7-F5483B1FDE50}.Release|Any CPU.Build.0 = Release|Any CPU
		{1FD3166A-3BA2-4D3C-84FC-71FADABE9A7F}.Debug|Any CPU.ActiveCfg = Debug|Any CPU
		{1FD3166A-3BA2-4D3C-84FC-71FADABE9A7F}.Debug|Any CPU.Build.0 = Debug|Any CPU
		{1FD3166A-3BA2-4D3C-84FC-71FADABE9A7F}.Release|Any CPU.ActiveCfg = Release|Any CPU
		{1FD3166A-3BA2-4D3C-84FC-71FADABE9A7F}.Release|Any CPU.Build.0 = Release|Any CPU
	EndGlobalSection
	GlobalSection(SolutionProperties) = preSolution
		HideSolutionNode = FALSE
	EndGlobalSection
	GlobalSection(ExtensibilityGlobals) = postSolution
		SolutionGuid = {2B8B4C0C-E126-4F9F-9839-2E51828AE49A}
	EndGlobalSection
EndGlobal
